// !$*UTF8*$!
{
	archiveVersion = 1;
	classes = {
	};
	objectVersion = 54;
	objects = {
		13B07F961A680F5B00A75B9A /* AgentBioMobile */ = {
			isa = PBXNativeTarget;
			buildConfigurationList = 13B07F931A680F5B00A75B9A;
			buildPhases = (
				13B07F871A680F5B00A75B9A,
				13B07F8C1A680F5B00A75B9A,
				13B07F8E1A680F5B00A75B9A,
			);
			buildRules = (
			);
			dependencies = (
			);
			name = AgentBioMobile;
			productName = AgentBioMobile;
			productReference = 13B07F961A680F5B00A75B9A;
			productType = "com.apple.product-type.application";
		};
	};
	rootObject = 83CBB9F71A601CBA00E9B192;
}
